// !$*UTF8*$!
{
	archiveVersion = 1;
	classes = {
	};
	objectVersion = 46;
	objects = {

/* Begin PBXBuildFile section */
		D0874D08197EDEF400E26119 /* 1.jpg in Resources */ = {isa = PBXBuildFile; fileRef = D0874CFD197EDEF400E26119 /* 1.jpg */; };
		D0874D0A197EDEF400E26119 /* 3.PNG in Resources */ = {isa = PBXBuildFile; fileRef = D0874CFF197EDEF400E26119 /* 3.PNG */; };
		D0874D11197EDEF400E26119 /* ZKRequestCall.m in Sources */ = {isa = PBXBuildFile; fileRef = D0874D07197EDEF400E26119 /* ZKRequestCall.m */; };
		D0CD22C31945FD3300AB4CB6 /* Foundation.framework in Frameworks */ = {isa = PBXBuildFile; fileRef = D0CD22C21945FD3300AB4CB6 /* Foundation.framework */; };
		D0CD22C51945FD3300AB4CB6 /* CoreGraphics.framework in Frameworks */ = {isa = PBXBuildFile; fileRef = D0CD22C41945FD3300AB4CB6 /* CoreGraphics.framework */; };
		D0CD22C71945FD3300AB4CB6 /* UIKit.framework in Frameworks */ = {isa = PBXBuildFile; fileRef = D0CD22C61945FD3300AB4CB6 /* UIKit.framework */; };
		D0CD22CD1945FD3300AB4CB6 /* InfoPlist.strings in Resources */ = {isa = PBXBuildFile; fileRef = D0CD22CB1945FD3300AB4CB6 /* InfoPlist.strings */; };
		D0CD22CF1945FD3300AB4CB6 /* main.m in Sources */ = {isa = PBXBuildFile; fileRef = D0CD22CE1945FD3300AB4CB6 /* main.m */; };
		D0CD22D31945FD3300AB4CB6 /* ZKAppDelegate.m in Sources */ = {isa = PBXBuildFile; fileRef = D0CD22D21945FD3300AB4CB6 /* ZKAppDelegate.m */; };
		D0CD22D51945FD3300AB4CB6 /* Images.xcassets in Resources */ = {isa = PBXBuildFile; fileRef = D0CD22D41945FD3300AB4CB6 /* Images.xcassets */; };
		D0CD22DC1945FD3400AB4CB6 /* XCTest.framework in Frameworks */ = {isa = PBXBuildFile; fileRef = D0CD22DB1945FD3400AB4CB6 /* XCTest.framework */; };
		D0CD22DD1945FD3400AB4CB6 /* Foundation.framework in Frameworks */ = {isa = PBXBuildFile; fileRef = D0CD22C21945FD3300AB4CB6 /* Foundation.framework */; };
		D0CD22DE1945FD3400AB4CB6 /* UIKit.framework in Frameworks */ = {isa = PBXBuildFile; fileRef = D0CD22C61945FD3300AB4CB6 /* UIKit.framework */; };
		D0CD22E61945FD3400AB4CB6 /* InfoPlist.strings in Resources */ = {isa = PBXBuildFile; fileRef = D0CD22E41945FD3400AB4CB6 /* InfoPlist.strings */; };
		D0CD22E81945FD3400AB4CB6 /* ZKProxyServerTests.m in Sources */ = {isa = PBXBuildFile; fileRef = D0CD22E71945FD3400AB4CB6 /* ZKProxyServerTests.m */; };
		D0CD22F21945FDEF00AB4CB6 /* CFNetwork.framework in Frameworks */ = {isa = PBXBuildFile; fileRef = D0CD22F11945FDEF00AB4CB6 /* CFNetwork.framework */; };
		D0CD22F51945FE0B00AB4CB6 /* ZKProxyServer.m in Sources */ = {isa = PBXBuildFile; fileRef = D0CD22F41945FE0B00AB4CB6 /* ZKProxyServer.m */; };
/* End PBXBuildFile section */

/* Begin PBXContainerItemProxy section */
		D0CD22DF1945FD3400AB4CB6 /* PBXContainerItemProxy */ = {
			isa = PBXContainerItemProxy;
			containerPortal = D0CD22B71945FD3300AB4CB6 /* Project object */;
			proxyType = 1;
			remoteGlobalIDString = D0CD22BE1945FD3300AB4CB6;
			remoteInfo = ZKProxyServer;
		};
/* End PBXContainerItemProxy section */

/* Begin PBXFileReference section */
		D0874CFD197EDEF400E26119 /* 1.jpg */ = {isa = PBXFileReference; lastKnownFileType = image.jpeg; path = 1.jpg; sourceTree = "<group>"; };
		D0874CFF197EDEF400E26119 /* 3.PNG */ = {isa = PBXFileReference; lastKnownFileType = image.png; path = 3.PNG; sourceTree = "<group>"; };
		D0874D06197EDEF400E26119 /* ZKRequestCall.h */ = {isa = PBXFileReference; fileEncoding = 4; lastKnownFileType = sourcecode.c.h; path = ZKRequestCall.h; sourceTree = "<group>"; };
		D0874D07197EDEF400E26119 /* ZKRequestCall.m */ = {isa = PBXFileReference; fileEncoding = 4; lastKnownFileType = sourcecode.c.objc; path = ZKRequestCall.m; sourceTree = "<group>"; };
		D0CD22BF1945FD3300AB4CB6 /* ZKProxyServer.app */ = {isa = PBXFileReference; explicitFileType = wrapper.application; includeInIndex = 0; path = ZKProxyServer.app; sourceTree = BUILT_PRODUCTS_DIR; };
		D0CD22C21945FD3300AB4CB6 /* Foundation.framework */ = {isa = PBXFileReference; lastKnownFileType = wrapper.framework; name = Foundation.framework; path = System/Library/Frameworks/Foundation.framework; sourceTree = SDKROOT; };
		D0CD22C41945FD3300AB4CB6 /* CoreGraphics.framework */ = {isa = PBXFileReference; lastKnownFileType = wrapper.framework; name = CoreGraphics.framework; path = System/Library/Frameworks/CoreGraphics.framework; sourceTree = SDKROOT; };
		D0CD22C61945FD3300AB4CB6 /* UIKit.framework */ = {isa = PBXFileReference; lastKnownFileType = wrapper.framework; name = UIKit.framework; path = System/Library/Frameworks/UIKit.framework; sourceTree = SDKROOT; };
		D0CD22CA1945FD3300AB4CB6 /* ZKProxyServer-Info.plist */ = {isa = PBXFileReference; lastKnownFileType = text.plist.xml; path = "ZKProxyServer-Info.plist"; sourceTree = "<group>"; };
		D0CD22CC1945FD3300AB4CB6 /* en */ = {isa = PBXFileReference; lastKnownFileType = text.plist.strings; name = en; path = en.lproj/InfoPlist.strings; sourceTree = "<group>"; };
		D0CD22CE1945FD3300AB4CB6 /* main.m */ = {isa = PBXFileReference; lastKnownFileType = sourcecode.c.objc; path = main.m; sourceTree = "<group>"; };
		D0CD22D01945FD3300AB4CB6 /* ZKProxyServer-Prefix.pch */ = {isa = PBXFileReference; lastKnownFileType = sourcecode.c.h; path = "ZKProxyServer-Prefix.pch"; sourceTree = "<group>"; };
		D0CD22D11945FD3300AB4CB6 /* ZKAppDelegate.h */ = {isa = PBXFileReference; lastKnownFileType = sourcecode.c.h; path = ZKAppDelegate.h; sourceTree = "<group>"; };
		D0CD22D21945FD3300AB4CB6 /* ZKAppDelegate.m */ = {isa = PBXFileReference; lastKnownFileType = sourcecode.c.objc; path = ZKAppDelegate.m; sourceTree = "<group>"; };
		D0CD22D41945FD3300AB4CB6 /* Images.xcassets */ = {isa = PBXFileReference; lastKnownFileType = folder.assetcatalog; path = Images.xcassets; sourceTree = "<group>"; };
		D0CD22DA1945FD3400AB4CB6 /* ZKProxyServerTests.xctest */ = {isa = PBXFileReference; explicitFileType = wrapper.cfbundle; includeInIndex = 0; path = ZKProxyServerTests.xctest; sourceTree = BUILT_PRODUCTS_DIR; };
		D0CD22DB1945FD3400AB4CB6 /* XCTest.framework */ = {isa = PBXFileReference; lastKnownFileType = wrapper.framework; name = XCTest.framework; path = Library/Frameworks/XCTest.framework; sourceTree = DEVELOPER_DIR; };
		D0CD22E31945FD3400AB4CB6 /* ZKProxyServerTests-Info.plist */ = {isa = PBXFileReference; lastKnownFileType = text.plist.xml; path = "ZKProxyServerTests-Info.plist"; sourceTree = "<group>"; };
		D0CD22E51945FD3400AB4CB6 /* en */ = {isa = PBXFileReference; lastKnownFileType = text.plist.strings; name = en; path = en.lproj/InfoPlist.strings; sourceTree = "<group>"; };
		D0CD22E71945FD3400AB4CB6 /* ZKProxyServerTests.m */ = {isa = PBXFileReference; lastKnownFileType = sourcecode.c.objc; path = ZKProxyServerTests.m; sourceTree = "<group>"; };
		D0CD22F11945FDEF00AB4CB6 /* CFNetwork.framework */ = {isa = PBXFileReference; lastKnownFileType = wrapper.framework; name = CFNetwork.framework; path = System/Library/Frameworks/CFNetwork.framework; sourceTree = SDKROOT; };
		D0CD22F31945FE0B00AB4CB6 /* ZKProxyServer.h */ = {isa = PBXFileReference; fileEncoding = 4; lastKnownFileType = sourcecode.c.h; path = ZKProxyServer.h; sourceTree = "<group>"; };
		D0CD22F41945FE0B00AB4CB6 /* ZKProxyServer.m */ = {isa = PBXFileReference; fileEncoding = 4; lastKnownFileType = sourcecode.c.objc; path = ZKProxyServer.m; sourceTree = "<group>"; };
/* End PBXFileReference section */

/* Begin PBXFrameworksBuildPhase section */
		D0CD22BC1945FD3300AB4CB6 /* Frameworks */ = {
			isa = PBXFrameworksBuildPhase;
			buildActionMask = 2147483647;
			files = (
				D0CD22C51945FD3300AB4CB6 /* CoreGraphics.framework in Frameworks */,
				D0CD22C71945FD3300AB4CB6 /* UIKit.framework in Frameworks */,
				D0CD22F21945FDEF00AB4CB6 /* CFNetwork.framework in Frameworks */,
				D0CD22C31945FD3300AB4CB6 /* Foundation.framework in Frameworks */,
			);
			runOnlyForDeploymentPostprocessing = 0;
		};
		D0CD22D71945FD3400AB4CB6 /* Frameworks */ = {
			isa = PBXFrameworksBuildPhase;
			buildActionMask = 2147483647;
			files = (
				D0CD22DC1945FD3400AB4CB6 /* XCTest.framework in Frameworks */,
				D0CD22DE1945FD3400AB4CB6 /* UIKit.framework in Frameworks */,
				D0CD22DD1945FD3400AB4CB6 /* Foundation.framework in Frameworks */,
			);
			runOnlyForDeploymentPostprocessing = 0;
		};
/* End PBXFrameworksBuildPhase section */

/* Begin PBXGroup section */
		D0874CFC197EDEF400E26119 /* TestResource */ = {
			isa = PBXGroup;
			children = (
				D0874CFD197EDEF400E26119 /* 1.jpg */,
				D0874CFF197EDEF400E26119 /* 3.PNG */,
			);
			path = TestResource;
			sourceTree = "<group>";
		};
		D0CD22B61945FD3300AB4CB6 = {
			isa = PBXGroup;
			children = (
				D0CD22C81945FD3300AB4CB6 /* ZKProxyServer */,
				D0CD22E11945FD3400AB4CB6 /* ZKProxyServerTests */,
				D0CD22C11945FD3300AB4CB6 /* Frameworks */,
				D0CD22C01945FD3300AB4CB6 /* Products */,
			);
			sourceTree = "<group>";
		};
		D0CD22C01945FD3300AB4CB6 /* Products */ = {
			isa = PBXGroup;
			children = (
				D0CD22BF1945FD3300AB4CB6 /* ZKProxyServer.app */,
				D0CD22DA1945FD3400AB4CB6 /* ZKProxyServerTests.xctest */,
			);
			name = Products;
			sourceTree = "<group>";
		};
		D0CD22C11945FD3300AB4CB6 /* Frameworks */ = {
			isa = PBXGroup;
			children = (
				D0CD22F11945FDEF00AB4CB6 /* CFNetwork.framework */,
				D0CD22C21945FD3300AB4CB6 /* Foundation.framework */,
				D0CD22C41945FD3300AB4CB6 /* CoreGraphics.framework */,
				D0CD22C61945FD3300AB4CB6 /* UIKit.framework */,
				D0CD22DB1945FD3400AB4CB6 /* XCTest.framework */,
			);
			name = Frameworks;
			sourceTree = "<group>";
		};
		D0CD22C81945FD3300AB4CB6 /* ZKProxyServer */ = {
			isa = PBXGroup;
			children = (
				D0874CFC197EDEF400E26119 /* TestResource */,
				D0CD22D11945FD3300AB4CB6 /* ZKAppDelegate.h */,
				D0CD22D21945FD3300AB4CB6 /* ZKAppDelegate.m */,
				D0874D06197EDEF400E26119 /* ZKRequestCall.h */,
				D0874D07197EDEF400E26119 /* ZKRequestCall.m */,
				D0CD22F31945FE0B00AB4CB6 /* ZKProxyServer.h */,
				D0CD22F41945FE0B00AB4CB6 /* ZKProxyServer.m */,
				D0CD22D41945FD3300AB4CB6 /* Images.xcassets */,
				D0CD22C91945FD3300AB4CB6 /* Supporting Files */,
			);
			path = ZKProxyServer;
			sourceTree = "<group>";
		};
		D0CD22C91945FD3300AB4CB6 /* Supporting Files */ = {
			isa = PBXGroup;
			children = (
				D0CD22CA1945FD3300AB4CB6 /* ZKProxyServer-Info.plist */,
				D0CD22CB1945FD3300AB4CB6 /* InfoPlist.strings */,
				D0CD22CE1945FD3300AB4CB6 /* main.m */,
				D0CD22D01945FD3300AB4CB6 /* ZKProxyServer-Prefix.pch */,
			);
			name = "Supporting Files";
			sourceTree = "<group>";
		};
		D0CD22E11945FD3400AB4CB6 /* ZKProxyServerTests */ = {
			isa = PBXGroup;
			children = (
				D0CD22E71945FD3400AB4CB6 /* ZKProxyServerTests.m */,
				D0CD22E21945FD3400AB4CB6 /* Supporting Files */,
			);
			path = ZKProxyServerTests;
			sourceTree = "<group>";
		};
		D0CD22E21945FD3400AB4CB6 /* Supporting Files */ = {
			isa = PBXGroup;
			children = (
				D0CD22E31945FD3400AB4CB6 /* ZKProxyServerTests-Info.plist */,
				D0CD22E41945FD3400AB4CB6 /* InfoPlist.strings */,
			);
			name = "Supporting Files";
			sourceTree = "<group>";
		};
/* End PBXGroup section */

/* Begin PBXNativeTarget section */
		D0CD22BE1945FD3300AB4CB6 /* ZKProxyServer */ = {
			isa = PBXNativeTarget;
			buildConfigurationList = D0CD22EB1945FD3400AB4CB6 /* Build configuration list for PBXNativeTarget "ZKProxyServer" */;
			buildPhases = (
				D0CD22BB1945FD3300AB4CB6 /* Sources */,
				D0CD22BC1945FD3300AB4CB6 /* Frameworks */,
				D0CD22BD1945FD3300AB4CB6 /* Resources */,
			);
			buildRules = (
			);
			dependencies = (
			);
			name = ZKProxyServer;
			productName = ZKProxyServer;
			productReference = D0CD22BF1945FD3300AB4CB6 /* ZKProxyServer.app */;
			productType = "com.apple.product-type.application";
		};
		D0CD22D91945FD3400AB4CB6 /* ZKProxyServerTests */ = {
			isa = PBXNativeTarget;
			buildConfigurationList = D0CD22EE1945FD3400AB4CB6 /* Build configuration list for PBXNativeTarget "ZKProxyServerTests" */;
			buildPhases = (
				D0CD22D61945FD3400AB4CB6 /* Sources */,
				D0CD22D71945FD3400AB4CB6 /* Frameworks */,
				D0CD22D81945FD3400AB4CB6 /* Resources */,
			);
			buildRules = (
			);
			dependencies = (
				D0CD22E01945FD3400AB4CB6 /* PBXTargetDependency */,
			);
			name = ZKProxyServerTests;
			productName = ZKProxyServerTests;
			productReference = D0CD22DA1945FD3400AB4CB6 /* ZKProxyServerTests.xctest */;
			productType = "com.apple.product-type.bundle.unit-test";
		};
/* End PBXNativeTarget section */

/* Begin PBXProject section */
		D0CD22B71945FD3300AB4CB6 /* Project object */ = {
			isa = PBXProject;
			attributes = {
				CLASSPREFIX = ZK;
				LastUpgradeCheck = 0510;
				ORGANIZATIONNAME = "Zeeshan Khan";
				TargetAttributes = {
					D0CD22D91945FD3400AB4CB6 = {
						TestTargetID = D0CD22BE1945FD3300AB4CB6;
					};
				};
			};
			buildConfigurationList = D0CD22BA1945FD3300AB4CB6 /* Build configuration list for PBXProject "ZKProxyServer" */;
			compatibilityVersion = "Xcode 3.2";
			developmentRegion = English;
			hasScannedForEncodings = 0;
			knownRegions = (
				en,
			);
			mainGroup = D0CD22B61945FD3300AB4CB6;
			productRefGroup = D0CD22C01945FD3300AB4CB6 /* Products */;
			projectDirPath = "";
			projectRoot = "";
			targets = (
				D0CD22BE1945FD3300AB4CB6 /* ZKProxyServer */,
				D0CD22D91945FD3400AB4CB6 /* ZKProxyServerTests */,
			);
		};
/* End PBXProject section */

/* Begin PBXResourcesBuildPhase section */
		D0CD22BD1945FD3300AB4CB6 /* Resources */ = {
			isa = PBXResourcesBuildPhase;
			buildActionMask = 2147483647;
			files = (
				D0874D08197EDEF400E26119 /* 1.jpg in Resources */,
				D0CD22CD1945FD3300AB4CB6 /* InfoPlist.strings in Resources */,
				D0874D0A197EDEF400E26119 /* 3.PNG in Resources */,
				D0CD22D51945FD3300AB4CB6 /* Images.xcassets in Resources */,
			);
			runOnlyForDeploymentPostprocessing = 0;
		};
		D0CD22D81945FD3400AB4CB6 /* Resources */ = {
			isa = PBXResourcesBuildPhase;
			buildActionMask = 2147483647;
			files = (
				D0CD22E61945FD3400AB4CB6 /* InfoPlist.strings in Resources */,
			);
			runOnlyForDeploymentPostprocessing = 0;
		};
/* End PBXResourcesBuildPhase section */

/* Begin PBXSourcesBuildPhase section */
		D0CD22BB1945FD3300AB4CB6 /* Sources */ = {
			isa = PBXSourcesBuildPhase;
			buildActionMask = 2147483647;
			files = (
				D0874D11197EDEF400E26119 /* ZKRequestCall.m in Sources */,
				D0CD22F51945FE0B00AB4CB6 /* ZKProxyServer.m in Sources */,
				D0CD22CF1945FD3300AB4CB6 /* main.m in Sources */,
				D0CD22D31945FD3300AB4CB6 /* ZKAppDelegate.m in Sources */,
			);
			runOnlyForDeploymentPostprocessing = 0;
		};
		D0CD22D61945FD3400AB4CB6 /* Sources */ = {
			isa = PBXSourcesBuildPhase;
			buildActionMask = 2147483647;
			files = (
				D0CD22E81945FD3400AB4CB6 /* ZKProxyServerTests.m in Sources */,
			);
			runOnlyForDeploymentPostprocessing = 0;
		};
/* End PBXSourcesBuildPhase section */

/* Begin PBXTargetDependency section */
		D0CD22E01945FD3400AB4CB6 /* PBXTargetDependency */ = {
			isa = PBXTargetDependency;
			target = D0CD22BE1945FD3300AB4CB6 /* ZKProxyServer */;
			targetProxy = D0CD22DF1945FD3400AB4CB6 /* PBXContainerItemProxy */;
		};
/* End PBXTargetDependency section */

/* Begin PBXVariantGroup section */
		D0CD22CB1945FD3300AB4CB6 /* InfoPlist.strings */ = {
			isa = PBXVariantGroup;
			children = (
				D0CD22CC1945FD3300AB4CB6 /* en */,
			);
			name = InfoPlist.strings;
			sourceTree = "<group>";
		};
		D0CD22E41945FD3400AB4CB6 /* InfoPlist.strings */ = {
			isa = PBXVariantGroup;
			children = (
				D0CD22E51945FD3400AB4CB6 /* en */,
			);
			name = InfoPlist.strings;
			sourceTree = "<group>";
		};
/* End PBXVariantGroup section */

/* Begin XCBuildConfiguration section */
		D0CD22E91945FD3400AB4CB6 /* Debug */ = {
			isa = XCBuildConfiguration;
			buildSettings = {
				ALWAYS_SEARCH_USER_PATHS = NO;
				CLANG_CXX_LANGUAGE_STANDARD = "gnu++0x";
				CLANG_CXX_LIBRARY = "libc++";
				CLANG_ENABLE_MODULES = YES;
				CLANG_ENABLE_OBJC_ARC = YES;
				CLANG_WARN_BOOL_CONVERSION = YES;
				CLANG_WARN_CONSTANT_CONVERSION = YES;
				CLANG_WARN_DIRECT_OBJC_ISA_USAGE = YES_ERROR;
				CLANG_WARN_EMPTY_BODY = YES;
				CLANG_WARN_ENUM_CONVERSION = YES;
				CLANG_WARN_INT_CONVERSION = YES;
				CLANG_WARN_OBJC_ROOT_CLASS = YES_ERROR;
				CLANG_WARN__DUPLICATE_METHOD_MATCH = YES;
				"CODE_SIGN_IDENTITY[sdk=iphoneos*]" = "iPhone Developer";
				COPY_PHASE_STRIP = NO;
				GCC_C_LANGUAGE_STANDARD = gnu99;
				GCC_DYNAMIC_NO_PIC = NO;
				GCC_OPTIMIZATION_LEVEL = 0;
				GCC_PREPROCESSOR_DEFINITIONS = (
					"DEBUG=1",
					"$(inherited)",
				);
				GCC_SYMBOLS_PRIVATE_EXTERN = NO;
				GCC_WARN_64_TO_32_BIT_CONVERSION = YES;
				GCC_WARN_ABOUT_RETURN_TYPE = YES_ERROR;
				GCC_WARN_UNDECLARED_SELECTOR = YES;
				GCC_WARN_UNINITIALIZED_AUTOS = YES_AGGRESSIVE;
				GCC_WARN_UNUSED_FUNCTION = YES;
				GCC_WARN_UNUSED_VARIABLE = YES;
				IPHONEOS_DEPLOYMENT_TARGET = 6.0;
				ONLY_ACTIVE_ARCH = YES;
				SDKROOT = iphoneos;
			};
			name = Debug;
		};
		D0CD22EA1945FD3400AB4CB6 /* Release */ = {
			isa = XCBuildConfiguration;
			buildSettings = {
				ALWAYS_SEARCH_USER_PATHS = NO;
				CLANG_CXX_LANGUAGE_STANDARD = "gnu++0x";
				CLANG_CXX_LIBRARY = "libc++";
				CLANG_ENABLE_MODULES = YES;
				CLANG_ENABLE_OBJC_ARC = YES;
				CLANG_WARN_BOOL_CONVERSION = YES;
				CLANG_WARN_CONSTANT_CONVERSION = YES;
				CLANG_WARN_DIRECT_OBJC_ISA_USAGE = YES_ERROR;
				CLANG_WARN_EMPTY_BODY = YES;
				CLANG_WARN_ENUM_CONVERSION = YES;
				CLANG_WARN_INT_CONVERSION = YES;
				CLANG_WARN_OBJC_ROOT_CLASS = YES_ERROR;
				CLANG_WARN__DUPLICATE_METHOD_MATCH = YES;
				"CODE_SIGN_IDENTITY[sdk=iphoneos*]" = "iPhone Developer";
				COPY_PHASE_STRIP = YES;
				ENABLE_NS_ASSERTIONS = NO;
				GCC_C_LANGUAGE_STANDARD = gnu99;
				GCC_WARN_64_TO_32_BIT_CONVERSION = YES;
				GCC_WARN_ABOUT_RETURN_TYPE = YES_ERROR;
				GCC_WARN_UNDECLARED_SELECTOR = YES;
				GCC_WARN_UNINITIALIZED_AUTOS = YES_AGGRESSIVE;
				GCC_WARN_UNUSED_FUNCTION = YES;
				GCC_WARN_UNUSED_VARIABLE = YES;
				IPHONEOS_DEPLOYMENT_TARGET = 6.0;
				SDKROOT = iphoneos;
				VALIDATE_PRODUCT = YES;
			};
			name = Release;
		};
		D0CD22EC1945FD3400AB4CB6 /* Debug */ = {
			isa = XCBuildConfiguration;
			buildSettings = {
				ASSETCATALOG_COMPILER_APPICON_NAME = AppIcon;
				ASSETCATALOG_COMPILER_LAUNCHIMAGE_NAME = LaunchImage;
				CLANG_ENABLE_OBJC_ARC = NO;
				GCC_PRECOMPILE_PREFIX_HEADER = YES;
				GCC_PREFIX_HEADER = "ZKProxyServer/ZKProxyServer-Prefix.pch";
				INFOPLIST_FILE = "ZKProxyServer/ZKProxyServer-Info.plist";
				IPHONEOS_DEPLOYMENT_TARGET = 7.0;
				PRODUCT_NAME = "$(TARGET_NAME)";
				WRAPPER_EXTENSION = app;
			};
			name = Debug;
		};
		D0CD22ED1945FD3400AB4CB6 /* Release */ = {
			isa = XCBuildConfiguration;
			buildSettings = {
				ASSETCATALOG_COMPILER_APPICON_NAME = AppIcon;
				ASSETCATALOG_COMPILER_LAUNCHIMAGE_NAME = LaunchImage;
				CLANG_ENABLE_OBJC_ARC = NO;
				GCC_PRECOMPILE_PREFIX_HEADER = YES;
				GCC_PREFIX_HEADER = "ZKProxyServer/ZKProxyServer-Prefix.pch";
				INFOPLIST_FILE = "ZKProxyServer/ZKProxyServer-Info.plist";
				IPHONEOS_DEPLOYMENT_TARGET = 7.0;
				PRODUCT_NAME = "$(TARGET_NAME)";
				WRAPPER_EXTENSION = app;
			};
			name = Release;
		};
		D0CD22EF1945FD3400AB4CB6 /* Debug */ = {
			isa = XCBuildConfiguration;
			buildSettings = {
				BUNDLE_LOADER = "$(BUILT_PRODUCTS_DIR)/ZKProxyServer.app/ZKProxyServer";
				FRAMEWORK_SEARCH_PATHS = (
					"$(SDKROOT)/Developer/Library/Frameworks",
					"$(inherited)",
					"$(DEVELOPER_FRAMEWORKS_DIR)",
				);
				GCC_PRECOMPILE_PREFIX_HEADER = YES;
				GCC_PREFIX_HEADER = "ZKProxyServer/ZKProxyServer-Prefix.pch";
				GCC_PREPROCESSOR_DEFINITIONS = (
					"DEBUG=1",
					"$(inherited)",
				);
				INFOPLIST_FILE = "ZKProxyServerTests/ZKProxyServerTests-Info.plist";
				PRODUCT_NAME = "$(TARGET_NAME)";
				TEST_HOST = "$(BUNDLE_LOADER)";
				WRAPPER_EXTENSION = xctest;
			};
			name = Debug;
		};
		D0CD22F01945FD3400AB4CB6 /* Release */ = {
			isa = XCBuildConfiguration;
			buildSettings = {
				BUNDLE_LOADER = "$(BUILT_PRODUCTS_DIR)/ZKProxyServer.app/ZKProxyServer";
				FRAMEWORK_SEARCH_PATHS = (
					"$(SDKROOT)/Developer/Library/Frameworks",
					"$(inherited)",
					"$(DEVELOPER_FRAMEWORKS_DIR)",
				);
				GCC_PRECOMPILE_PREFIX_HEADER = YES;
				GCC_PREFIX_HEADER = "ZKProxyServer/ZKProxyServer-Prefix.pch";
				INFOPLIST_FILE = "ZKProxyServerTests/ZKProxyServerTests-Info.plist";
				PRODUCT_NAME = "$(TARGET_NAME)";
				TEST_HOST = "$(BUNDLE_LOADER)";
				WRAPPER_EXTENSION = xctest;
			};
			name = Release;
		};
/* End XCBuildConfiguration section */

/* Begin XCConfigurationList section */
		D0CD22BA1945FD3300AB4CB6 /* Build configuration list for PBXProject "ZKProxyServer" */ = {
			isa = XCConfigurationList;
			buildConfigurations = (
				D0CD22E91945FD3400AB4CB6 /* Debug */,
				D0CD22EA1945FD3400AB4CB6 /* Release */,
			);
			defaultConfigurationIsVisible = 0;
			defaultConfigurationName = Release;
		};
		D0CD22EB1945FD3400AB4CB6 /* Build configuration list for PBXNativeTarget "ZKProxyServer" */ = {
			isa = XCConfigurationList;
			buildConfigurations = (
				D0CD22EC1945FD3400AB4CB6 /* Debug */,
				D0CD22ED1945FD3400AB4CB6 /* Release */,
			);
			defaultConfigurationIsVisible = 0;
			defaultConfigurationName = Release;
		};
		D0CD22EE1945FD3400AB4CB6 /* Build configuration list for PBXNativeTarget "ZKProxyServerTests" */ = {
			isa = XCConfigurationList;
			buildConfigurations = (
				D0CD22EF1945FD3400AB4CB6 /* Debug */,
				D0CD22F01945FD3400AB4CB6 /* Release */,
			);
			defaultConfigurationIsVisible = 0;
			defaultConfigurationName = Release;
		};
/* End XCConfigurationList section */
	};
	rootObject = D0CD22B71945FD3300AB4CB6 /* Project object */;
}
